// !$*UTF8*$!
{
	archiveVersion = 1;
	classes = {
	};
	objectVersion = 46;
	objects = {

/* Begin PBXBuildFile section */
		9A12D8A919A07DFB0078BA07 /* AppDelegate.swift in Sources */ = {isa = PBXBuildFile; fileRef = 9A12D8A819A07DFB0078BA07 /* AppDelegate.swift */; };
		9A12D8AB19A07DFB0078BA07 /* ViewController.swift in Sources */ = {isa = PBXBuildFile; fileRef = 9A12D8AA19A07DFB0078BA07 /* ViewController.swift */; };
		9A12D8AE19A07DFB0078BA07 /* Main.storyboard in Resources */ = {isa = PBXBuildFile; fileRef = 9A12D8AC19A07DFB0078BA07 /* Main.storyboard */; };
		9A12D8B019A07DFB0078BA07 /* Images.xcassets in Resources */ = {isa = PBXBuildFile; fileRef = 9A12D8AF19A07DFB0078BA07 /* Images.xcassets */; };
		9A12D8BC19A07DFB0078BA07 /* SpheroFollowMeTests.swift in Sources */ = {isa = PBXBuildFile; fileRef = 9A12D8BB19A07DFB0078BA07 /* SpheroFollowMeTests.swift */; };
		9A12D8C619A07E300078BA07 /* CoreLocation.framework in Frameworks */ = {isa = PBXBuildFile; fileRef = 9A12D8C519A07E300078BA07 /* CoreLocation.framework */; };
		9A12D8C819A086AA0078BA07 /* CoreMotion.framework in Frameworks */ = {isa = PBXBuildFile; fileRef = 9A12D8C719A086AA0078BA07 /* CoreMotion.framework */; };
		9A12D8CA19A086B50078BA07 /* ExternalAccessory.framework in Frameworks */ = {isa = PBXBuildFile; fileRef = 9A12D8C919A086B50078BA07 /* ExternalAccessory.framework */; };
		9A12D8CE19A088100078BA07 /* RobotKit.framework in Frameworks */ = {isa = PBXBuildFile; fileRef = 9A12D8CB19A088100078BA07 /* RobotKit.framework */; };
		9A12D8CF19A088100078BA07 /* RobotUIKit.bundle in Resources */ = {isa = PBXBuildFile; fileRef = 9A12D8CC19A088100078BA07 /* RobotUIKit.bundle */; };
		9A12D8D019A088100078BA07 /* RobotUIKit.framework in Frameworks */ = {isa = PBXBuildFile; fileRef = 9A12D8CD19A088100078BA07 /* RobotUIKit.framework */; };
/* End PBXBuildFile section */

/* Begin PBXContainerItemProxy section */
		9A12D8B619A07DFB0078BA07 /* PBXContainerItemProxy */ = {
			isa = PBXContainerItemProxy;
			containerPortal = 9A12D89B19A07DFB0078BA07 /* Project object */;
			proxyType = 1;
			remoteGlobalIDString = 9A12D8A219A07DFB0078BA07;
			remoteInfo = SpheroFollowMe;
		};
/* End PBXContainerItemProxy section */

/* Begin PBXFileReference section */
		9A12D8A319A07DFB0078BA07 /* SpheroFollowMe.app */ = {isa = PBXFileReference; explicitFileType = wrapper.application; includeInIndex = 0; path = SpheroFollowMe.app; sourceTree = BUILT_PRODUCTS_DIR; };
		9A12D8A719A07DFB0078BA07 /* Info.plist */ = {isa = PBXFileReference; lastKnownFileType = text.plist.xml; path = Info.plist; sourceTree = "<group>"; };
		9A12D8A819A07DFB0078BA07 /* AppDelegate.swift */ = {isa = PBXFileReference; lastKnownFileType = sourcecode.swift; path = AppDelegate.swift; sourceTree = "<group>"; };
		9A12D8AA19A07DFB0078BA07 /* ViewController.swift */ = {isa = PBXFileReference; lastKnownFileType = sourcecode.swift; path = ViewController.swift; sourceTree = "<group>"; };
		9A12D8AD19A07DFB0078BA07 /* Base */ = {isa = PBXFileReference; lastKnownFileType = file.storyboard; name = Base; path = Base.lproj/Main.storyboard; sourceTree = "<group>"; };
		9A12D8AF19A07DFB0078BA07 /* Images.xcassets */ = {isa = PBXFileReference; lastKnownFileType = folder.assetcatalog; path = Images.xcassets; sourceTree = "<group>"; };
		9A12D8B519A07DFB0078BA07 /* SpheroFollowMeTests.xctest */ = {isa = PBXFileReference; explicitFileType = wrapper.cfbundle; includeInIndex = 0; path = SpheroFollowMeTests.xctest; sourceTree = BUILT_PRODUCTS_DIR; };
		9A12D8BA19A07DFB0078BA07 /* Info.plist */ = {isa = PBXFileReference; lastKnownFileType = text.plist.xml; path = Info.plist; sourceTree = "<group>"; };
		9A12D8BB19A07DFB0078BA07 /* SpheroFollowMeTests.swift */ = {isa = PBXFileReference; lastKnownFileType = sourcecode.swift; path = SpheroFollowMeTests.swift; sourceTree = "<group>"; };
		9A12D8C519A07E300078BA07 /* CoreLocation.framework */ = {isa = PBXFileReference; lastKnownFileType = wrapper.framework; name = CoreLocation.framework; path = System/Library/Frameworks/CoreLocation.framework; sourceTree = SDKROOT; };
		9A12D8C719A086AA0078BA07 /* CoreMotion.framework */ = {isa = PBXFileReference; lastKnownFileType = wrapper.framework; name = CoreMotion.framework; path = System/Library/Frameworks/CoreMotion.framework; sourceTree = SDKROOT; };
		9A12D8C919A086B50078BA07 /* ExternalAccessory.framework */ = {isa = PBXFileReference; lastKnownFileType = wrapper.framework; name = ExternalAccessory.framework; path = System/Library/Frameworks/ExternalAccessory.framework; sourceTree = SDKROOT; };
		9A12D8CB19A088100078BA07 /* RobotKit.framework */ = {isa = PBXFileReference; lastKnownFileType = wrapper.framework; path = RobotKit.framework; sourceTree = "<group>"; };
		9A12D8CC19A088100078BA07 /* RobotUIKit.bundle */ = {isa = PBXFileReference; lastKnownFileType = "wrapper.plug-in"; path = RobotUIKit.bundle; sourceTree = "<group>"; };
		9A12D8CD19A088100078BA07 /* RobotUIKit.framework */ = {isa = PBXFileReference; lastKnownFileType = wrapper.framework; path = RobotUIKit.framework; sourceTree = "<group>"; };
		9A12D8D119A088390078BA07 /* SpheroFollowMe-Bridging-Header.h */ = {isa = PBXFileReference; lastKnownFileType = sourcecode.c.h; path = "SpheroFollowMe-Bridging-Header.h"; sourceTree = "<group>"; };
/* End PBXFileReference section */

/* Begin PBXFrameworksBuildPhase section */
		9A12D8A019A07DFB0078BA07 /* Frameworks */ = {
			isa = PBXFrameworksBuildPhase;
			buildActionMask = 2147483647;
			files = (
				9A12D8D019A088100078BA07 /* RobotUIKit.framework in Frameworks */,
				9A12D8CE19A088100078BA07 /* RobotKit.framework in Frameworks */,
				9A12D8CA19A086B50078BA07 /* ExternalAccessory.framework in Frameworks */,
				9A12D8C819A086AA0078BA07 /* CoreMotion.framework in Frameworks */,
				9A12D8C619A07E300078BA07 /* CoreLocation.framework in Frameworks */,
			);
			runOnlyForDeploymentPostprocessing = 0;
		};
		9A12D8B219A07DFB0078BA07 /* Frameworks */ = {
			isa = PBXFrameworksBuildPhase;
			buildActionMask = 2147483647;
			files = (
			);
			runOnlyForDeploymentPostprocessing = 0;
		};
/* End PBXFrameworksBuildPhase section */

/* Begin PBXGroup section */
		9A12D89A19A07DFB0078BA07 = {
			isa = PBXGroup;
			children = (
				9A12D8CB19A088100078BA07 /* RobotKit.framework */,
				9A12D8CC19A088100078BA07 /* RobotUIKit.bundle */,
				9A12D8CD19A088100078BA07 /* RobotUIKit.framework */,
				9A12D8C919A086B50078BA07 /* ExternalAccessory.framework */,
				9A12D8C719A086AA0078BA07 /* CoreMotion.framework */,
				9A12D8C519A07E300078BA07 /* CoreLocation.framework */,
				9A12D8A519A07DFB0078BA07 /* SpheroFollowMe */,
				9A12D8B819A07DFB0078BA07 /* SpheroFollowMeTests */,
				9A12D8A419A07DFB0078BA07 /* Products */,
				9A12D8D119A088390078BA07 /* SpheroFollowMe-Bridging-Header.h */,
			);
			sourceTree = "<group>";
		};
		9A12D8A419A07DFB0078BA07 /* Products */ = {
			isa = PBXGroup;
			children = (
				9A12D8A319A07DFB0078BA07 /* SpheroFollowMe.app */,
				9A12D8B519A07DFB0078BA07 /* SpheroFollowMeTests.xctest */,
			);
			name = Products;
			sourceTree = "<group>";
		};
		9A12D8A519A07DFB0078BA07 /* SpheroFollowMe */ = {
			isa = PBXGroup;
			children = (
				9A12D8A819A07DFB0078BA07 /* AppDelegate.swift */,
				9A12D8AA19A07DFB0078BA07 /* ViewController.swift */,
				9A12D8AC19A07DFB0078BA07 /* Main.storyboard */,
				9A12D8AF19A07DFB0078BA07 /* Images.xcassets */,
				9A12D8A619A07DFB0078BA07 /* Supporting Files */,
			);
			path = SpheroFollowMe;
			sourceTree = "<group>";
		};
		9A12D8A619A07DFB0078BA07 /* Supporting Files */ = {
			isa = PBXGroup;
			children = (
				9A12D8A719A07DFB0078BA07 /* Info.plist */,
			);
			name = "Supporting Files";
			sourceTree = "<group>";
		};
		9A12D8B819A07DFB0078BA07 /* SpheroFollowMeTests */ = {
			isa = PBXGroup;
			children = (
				9A12D8BB19A07DFB0078BA07 /* SpheroFollowMeTests.swift */,
				9A12D8B919A07DFB0078BA07 /* Supporting Files */,
			);
			path = SpheroFollowMeTests;
			sourceTree = "<group>";
		};
		9A12D8B919A07DFB0078BA07 /* Supporting Files */ = {
			isa = PBXGroup;
			children = (
				9A12D8BA19A07DFB0078BA07 /* Info.plist */,
			);
			name = "Supporting Files";
			sourceTree = "<group>";
		};
/* End PBXGroup section */

/* Begin PBXNativeTarget section */
		9A12D8A219A07DFB0078BA07 /* SpheroFollowMe */ = {
			isa = PBXNativeTarget;
			buildConfigurationList = 9A12D8BF19A07DFB0078BA07 /* Build configuration list for PBXNativeTarget "SpheroFollowMe" */;
			buildPhases = (
				9A12D89F19A07DFB0078BA07 /* Sources */,
				9A12D8A019A07DFB0078BA07 /* Frameworks */,
				9A12D8A119A07DFB0078BA07 /* Resources */,
			);
			buildRules = (
			);
			dependencies = (
			);
			name = SpheroFollowMe;
			productName = SpheroFollowMe;
			productReference = 9A12D8A319A07DFB0078BA07 /* SpheroFollowMe.app */;
			productType = "com.apple.product-type.application";
		};
		9A12D8B419A07DFB0078BA07 /* SpheroFollowMeTests */ = {
			isa = PBXNativeTarget;
			buildConfigurationList = 9A12D8C219A07DFB0078BA07 /* Build configuration list for PBXNativeTarget "SpheroFollowMeTests" */;
			buildPhases = (
				9A12D8B119A07DFB0078BA07 /* Sources */,
				9A12D8B219A07DFB0078BA07 /* Frameworks */,
				9A12D8B319A07DFB0078BA07 /* Resources */,
			);
			buildRules = (
			);
			dependencies = (
				9A12D8B719A07DFB0078BA07 /* PBXTargetDependency */,
			);
			name = SpheroFollowMeTests;
			productName = SpheroFollowMeTests;
			productReference = 9A12D8B519A07DFB0078BA07 /* SpheroFollowMeTests.xctest */;
			productType = "com.apple.product-type.bundle.unit-test";
		};
/* End PBXNativeTarget section */

/* Begin PBXProject section */
		9A12D89B19A07DFB0078BA07 /* Project object */ = {
			isa = PBXProject;
			attributes = {
				LastUpgradeCheck = 0600;
				ORGANIZATIONNAME = "42 Labs";
				TargetAttributes = {
					9A12D8A219A07DFB0078BA07 = {
						CreatedOnToolsVersion = 6.0;
					};
					9A12D8B419A07DFB0078BA07 = {
						CreatedOnToolsVersion = 6.0;
						TestTargetID = 9A12D8A219A07DFB0078BA07;
					};
				};
			};
			buildConfigurationList = 9A12D89E19A07DFB0078BA07 /* Build configuration list for PBXProject "SpheroFollowMe" */;
			compatibilityVersion = "Xcode 3.2";
			developmentRegion = English;
			hasScannedForEncodings = 0;
			knownRegions = (
				en,
				Base,
			);
			mainGroup = 9A12D89A19A07DFB0078BA07;
			productRefGroup = 9A12D8A419A07DFB0078BA07 /* Products */;
			projectDirPath = "";
			projectRoot = "";
			targets = (
				9A12D8A219A07DFB0078BA07 /* SpheroFollowMe */,
				9A12D8B419A07DFB0078BA07 /* SpheroFollowMeTests */,
			);
		};
/* End PBXProject section */

/* Begin PBXResourcesBuildPhase section */
		9A12D8A119A07DFB0078BA07 /* Resources */ = {
			isa = PBXResourcesBuildPhase;
			buildActionMask = 2147483647;
			files = (
				9A12D8AE19A07DFB0078BA07 /* Main.storyboard in Resources */,
				9A12D8CF19A088100078BA07 /* RobotUIKit.bundle in Resources */,
				9A12D8B019A07DFB0078BA07 /* Images.xcassets in Resources */,
			);
			runOnlyForDeploymentPostprocessing = 0;
		};
		9A12D8B319A07DFB0078BA07 /* Resources */ = {
			isa = PBXResourcesBuildPhase;
			buildActionMask = 2147483647;
			files = (
			);
			runOnlyForDeploymentPostprocessing = 0;
		};
/* End PBXResourcesBuildPhase section */

/* Begin PBXSourcesBuildPhase section */
		9A12D89F19A07DFB0078BA07 /* Sources */ = {
			isa = PBXSourcesBuildPhase;
			buildActionMask = 2147483647;
			files = (
				9A12D8AB19A07DFB0078BA07 /* ViewController.swift in Sources */,
				9A12D8A919A07DFB0078BA07 /* AppDelegate.swift in Sources */,
			);
			runOnlyForDeploymentPostprocessing = 0;
		};
		9A12D8B119A07DFB0078BA07 /* Sources */ = {
			isa = PBXSourcesBuildPhase;
			buildActionMask = 2147483647;
			files = (
				9A12D8BC19A07DFB0078BA07 /* SpheroFollowMeTests.swift in Sources */,
			);
			runOnlyForDeploymentPostprocessing = 0;
		};
/* End PBXSourcesBuildPhase section */

/* Begin PBXTargetDependency section */
		9A12D8B719A07DFB0078BA07 /* PBXTargetDependency */ = {
			isa = PBXTargetDependency;
			target = 9A12D8A219A07DFB0078BA07 /* SpheroFollowMe */;
			targetProxy = 9A12D8B619A07DFB0078BA07 /* PBXContainerItemProxy */;
		};
/* End PBXTargetDependency section */

/* Begin PBXVariantGroup section */
		9A12D8AC19A07DFB0078BA07 /* Main.storyboard */ = {
			isa = PBXVariantGroup;
			children = (
				9A12D8AD19A07DFB0078BA07 /* Base */,
			);
			name = Main.storyboard;
			sourceTree = "<group>";
		};
/* End PBXVariantGroup section */

/* Begin XCBuildConfiguration section */
		9A12D8BD19A07DFB0078BA07 /* Debug */ = {
			isa = XCBuildConfiguration;
			buildSettings = {
				ALWAYS_SEARCH_USER_PATHS = NO;
				CLANG_CXX_LANGUAGE_STANDARD = "gnu++0x";
				CLANG_CXX_LIBRARY = "libc++";
				CLANG_ENABLE_MODULES = YES;
				CLANG_ENABLE_OBJC_ARC = YES;
				CLANG_WARN_BOOL_CONVERSION = YES;
				CLANG_WARN_CONSTANT_CONVERSION = YES;
				CLANG_WARN_DIRECT_OBJC_ISA_USAGE = YES_ERROR;
				CLANG_WARN_EMPTY_BODY = YES;
				CLANG_WARN_ENUM_CONVERSION = YES;
				CLANG_WARN_INT_CONVERSION = YES;
				CLANG_WARN_OBJC_ROOT_CLASS = YES_ERROR;
				CLANG_WARN_UNREACHABLE_CODE = YES;
				CLANG_WARN__DUPLICATE_METHOD_MATCH = YES;
				"CODE_SIGN_IDENTITY[sdk=iphoneos*]" = "iPhone Developer";
				COPY_PHASE_STRIP = NO;
				ENABLE_STRICT_OBJC_MSGSEND = YES;
				GCC_C_LANGUAGE_STANDARD = gnu99;
				GCC_DYNAMIC_NO_PIC = NO;
				GCC_OPTIMIZATION_LEVEL = 0;
				GCC_PREPROCESSOR_DEFINITIONS = (
					"DEBUG=1",
					"$(inherited)",
				);
				GCC_SYMBOLS_PRIVATE_EXTERN = NO;
				GCC_WARN_64_TO_32_BIT_CONVERSION = YES;
				GCC_WARN_ABOUT_RETURN_TYPE = YES_ERROR;
				GCC_WARN_UNDECLARED_SELECTOR = YES;
				GCC_WARN_UNINITIALIZED_AUTOS = YES_AGGRESSIVE;
				GCC_WARN_UNUSED_FUNCTION = YES;
				GCC_WARN_UNUSED_VARIABLE = YES;
				IPHONEOS_DEPLOYMENT_TARGET = 8.0;
				METAL_ENABLE_DEBUG_INFO = YES;
				ONLY_ACTIVE_ARCH = YES;
				SDKROOT = iphoneos;
				SWIFT_OPTIMIZATION_LEVEL = "-Onone";
			};
			name = Debug;
		};
		9A12D8BE19A07DFB0078BA07 /* Release */ = {
			isa = XCBuildConfiguration;
			buildSettings = {
				ALWAYS_SEARCH_USER_PATHS = NO;
				CLANG_CXX_LANGUAGE_STANDARD = "gnu++0x";
				CLANG_CXX_LIBRARY = "libc++";
				CLANG_ENABLE_MODULES = YES;
				CLANG_ENABLE_OBJC_ARC = YES;
				CLANG_WARN_BOOL_CONVERSION = YES;
				CLANG_WARN_CONSTANT_CONVERSION = YES;
				CLANG_WARN_DIRECT_OBJC_ISA_USAGE = YES_ERROR;
				CLANG_WARN_EMPTY_BODY = YES;
				CLANG_WARN_ENUM_CONVERSION = YES;
				CLANG_WARN_INT_CONVERSION = YES;
				CLANG_WARN_OBJC_ROOT_CLASS = YES_ERROR;
				CLANG_WARN_UNREACHABLE_CODE = YES;
				CLANG_WARN__DUPLICATE_METHOD_MATCH = YES;
				"CODE_SIGN_IDENTITY[sdk=iphoneos*]" = "iPhone Developer";
				COPY_PHASE_STRIP = YES;
				ENABLE_NS_ASSERTIONS = NO;
				ENABLE_STRICT_OBJC_MSGSEND = YES;
				GCC_C_LANGUAGE_STANDARD = gnu99;
				GCC_WARN_64_TO_32_BIT_CONVERSION = YES;
				GCC_WARN_ABOUT_RETURN_TYPE = YES_ERROR;
				GCC_WARN_UNDECLARED_SELECTOR = YES;
				GCC_WARN_UNINITIALIZED_AUTOS = YES_AGGRESSIVE;
				GCC_WARN_UNUSED_FUNCTION = YES;
				GCC_WARN_UNUSED_VARIABLE = YES;
				IPHONEOS_DEPLOYMENT_TARGET = 8.0;
				METAL_ENABLE_DEBUG_INFO = NO;
				SDKROOT = iphoneos;
				VALIDATE_PRODUCT = YES;
			};
			name = Release;
		};
		9A12D8C019A07DFB0078BA07 /* Debug */ = {
			isa = XCBuildConfiguration;
			buildSettings = {
				ASSETCATALOG_COMPILER_APPICON_NAME = AppIcon;
				ASSETCATALOG_COMPILER_LAUNCHIMAGE_NAME = LaunchImage;
				CLANG_ENABLE_MODULES = YES;
				FRAMEWORK_SEARCH_PATHS = (
					"$(inherited)",
					"$(PROJECT_DIR)",
				);
				INFOPLIST_FILE = SpheroFollowMe/Info.plist;
				IPHONEOS_DEPLOYMENT_TARGET = 6.0;
				LD_RUNPATH_SEARCH_PATHS = "$(inherited) @executable_path/Frameworks";
				OTHER_LDFLAGS = (
					"-lstdc++",
					"-all_load",
					"-ObjC",
					"-lsqlite3",
				);
				PRODUCT_NAME = "$(TARGET_NAME)";
				SWIFT_OBJC_BRIDGING_HEADER = "SpheroFollowMe-Bridging-Header.h";
				SWIFT_OPTIMIZATION_LEVEL = "-Onone";
			};
			name = Debug;
		};
		9A12D8C119A07DFB0078BA07 /* Release */ = {
			isa = XCBuildConfiguration;
			buildSettings = {
				ASSETCATALOG_COMPILER_APPICON_NAME = AppIcon;
				ASSETCATALOG_COMPILER_LAUNCHIMAGE_NAME = LaunchImage;
				CLANG_ENABLE_MODULES = YES;
				FRAMEWORK_SEARCH_PATHS = (
					"$(inherited)",
					"$(PROJECT_DIR)",
				);
				INFOPLIST_FILE = SpheroFollowMe/Info.plist;
				IPHONEOS_DEPLOYMENT_TARGET = 6.0;
				LD_RUNPATH_SEARCH_PATHS = "$(inherited) @executable_path/Frameworks";
				OTHER_LDFLAGS = (
					"-lstdc++",
					"-all_load",
					"-ObjC",
					"-lsqlite3",
				);
				PRODUCT_NAME = "$(TARGET_NAME)";
				SWIFT_OBJC_BRIDGING_HEADER = "SpheroFollowMe-Bridging-Header.h";
			};
			name = Release;
		};
		9A12D8C319A07DFB0078BA07 /* Debug */ = {
			isa = XCBuildConfiguration;
			buildSettings = {
				BUNDLE_LOADER = "$(BUILT_PRODUCTS_DIR)/SpheroFollowMe.app/SpheroFollowMe";
				FRAMEWORK_SEARCH_PATHS = (
					"$(SDKROOT)/Developer/Library/Frameworks",
					"$(inherited)",
				);
				GCC_PREPROCESSOR_DEFINITIONS = (
					"DEBUG=1",
					"$(inherited)",
				);
				INFOPLIST_FILE = SpheroFollowMeTests/Info.plist;
				LD_RUNPATH_SEARCH_PATHS = "$(inherited) @executable_path/Frameworks @loader_path/Frameworks";
				METAL_ENABLE_DEBUG_INFO = YES;
				PRODUCT_NAME = "$(TARGET_NAME)";
				TEST_HOST = "$(BUNDLE_LOADER)";
			};
			name = Debug;
		};
		9A12D8C419A07DFB0078BA07 /* Release */ = {
			isa = XCBuildConfiguration;
			buildSettings = {
				BUNDLE_LOADER = "$(BUILT_PRODUCTS_DIR)/SpheroFollowMe.app/SpheroFollowMe";
				FRAMEWORK_SEARCH_PATHS = (
					"$(SDKROOT)/Developer/Library/Frameworks",
					"$(inherited)",
				);
				INFOPLIST_FILE = SpheroFollowMeTests/Info.plist;
				LD_RUNPATH_SEARCH_PATHS = "$(inherited) @executable_path/Frameworks @loader_path/Frameworks";
				METAL_ENABLE_DEBUG_INFO = NO;
				PRODUCT_NAME = "$(TARGET_NAME)";
				TEST_HOST = "$(BUNDLE_LOADER)";
			};
			name = Release;
		};
/* End XCBuildConfiguration section */

/* Begin XCConfigurationList section */
		9A12D89E19A07DFB0078BA07 /* Build configuration list for PBXProject "SpheroFollowMe" */ = {
			isa = XCConfigurationList;
			buildConfigurations = (
				9A12D8BD19A07DFB0078BA07 /* Debug */,
				9A12D8BE19A07DFB0078BA07 /* Release */,
			);
			defaultConfigurationIsVisible = 0;
			defaultConfigurationName = Release;
		};
		9A12D8BF19A07DFB0078BA07 /* Build configuration list for PBXNativeTarget "SpheroFollowMe" */ = {
			isa = XCConfigurationList;
			buildConfigurations = (
				9A12D8C019A07DFB0078BA07 /* Debug */,
				9A12D8C119A07DFB0078BA07 /* Release */,
			);
			defaultConfigurationIsVisible = 0;
		};
		9A12D8C219A07DFB0078BA07 /* Build configuration list for PBXNativeTarget "SpheroFollowMeTests" */ = {
			isa = XCConfigurationList;
			buildConfigurations = (
				9A12D8C319A07DFB0078BA07 /* Debug */,
				9A12D8C419A07DFB0078BA07 /* Release */,
			);
			defaultConfigurationIsVisible = 0;
		};
/* End XCConfigurationList section */
	};
	rootObject = 9A12D89B19A07DFB0078BA07 /* Project object */;
}
